
Microsoft Visual Studio Solution File, Format Version 12.00
# Visual Studio 15
VisualStudioVersion = 15.0.28307.136
MinimumVisualStudioVersion = 10.0.40219.1
Project("{FAE04EC0-301F-11D3-BF4B-00C04F79EFBC}") = "CursoCSharpUdemy", "CursoCSharpUdemy\CursoCSharpUdemy.csproj", "{B3E63CBC-7CE6-4F92-9681-8F3F9BAE2DD3}"
EndProject
Global
	GlobalSection(SolutionConfigurationPlatforms) = preSolution
		Debug|Any CPU = Debug|Any CPU
		Release|Any CPU = Release|Any CPU
	EndGlobalSection
	GlobalSection(ProjectConfigurationPlatforms) = postSolution
		{B3E63CBC-7CE6-4F92-9681-8F3F9BAE2DD3}.Debug|Any CPU.ActiveCfg = Debug|Any CPU
		{B3E63CBC-7CE6-4F92-9681-8F3F9BAE2DD3}.Debug|Any CPU.Build.0 = Debug|Any CPU
		{B3E63CBC-7CE6-4F92-9681-8F3F9BAE2DD3}.Release|Any CPU.ActiveCfg = Release|Any CPU
		{B3E63CBC-7CE6-4F92-9681-8F3F9BAE2DD3}.Release|Any CPU.Build.0 = Release|Any CPU
	EndGlobalSection
	GlobalSection(SolutionProperties) = preSolution
		HideSolutionNode = FALSE
	EndGlobalSection
	GlobalSection(ExtensibilityGlobals) = postSolution
		SolutionGuid = {CCA08A7E-B213-46AD-BECE-27081A02B792}
	EndGlobalSection
EndGlobal
